
Microsoft Visual Studio Solution File, Format Version 12.00
# Visual Studio Version 17
VisualStudioVersion = 17.14.36414.22 d17.14
MinimumVisualStudioVersion = 10.0.40219.1
Project("{FAE04EC0-301F-11D3-BF4B-00C04F79EFBC}") = "QuanLyDaiLy", "QuanLyDaiLy\QuanLyDaiLy.csproj", "{AF753FF7-1054-4F99-ACB9-DC31C978FB19}"
EndProject
Global
	GlobalSection(SolutionConfigurationPlatforms) = preSolution
		Debug|Any CPU = Debug|Any CPU
		Release|Any CPU = Release|Any CPU
	EndGlobalSection
	GlobalSection(ProjectConfigurationPlatforms) = postSolution
		{AF753FF7-1054-4F99-ACB9-DC31C978FB19}.Debug|Any CPU.ActiveCfg = Debug|Any CPU
		{AF753FF7-1054-4F99-ACB9-DC31C978FB19}.Debug|Any CPU.Build.0 = Debug|Any CPU
		{AF753FF7-1054-4F99-ACB9-DC31C978FB19}.Debug|Any CPU.Deploy.0 = Debug|Any CPU
		{AF753FF7-1054-4F99-ACB9-DC31C978FB19}.Release|Any CPU.ActiveCfg = Release|Any CPU
		{AF753FF7-1054-4F99-ACB9-DC31C978FB19}.Release|Any CPU.Build.0 = Release|Any CPU
		{AF753FF7-1054-4F99-ACB9-DC31C978FB19}.Release|Any CPU.Deploy.0 = Release|Any CPU
	EndGlobalSection
	GlobalSection(SolutionProperties) = preSolution
		HideSolutionNode = FALSE
	EndGlobalSection
	GlobalSection(ExtensibilityGlobals) = postSolution
		SolutionGuid = {2EE425AE-FF74-4D5C-A61B-ED72DD327C05}
	EndGlobalSection
EndGlobal
